
Microsoft Visual Studio Solution File, Format Version 12.00
# Visual Studio Version 17
VisualStudioVersion = 17.14.36518.9 d17.14
MinimumVisualStudioVersion = 10.0.40219.1
Project("{FAE04EC0-301F-11D3-BF4B-00C04F79EFBC}") = "EspelaAdrianTroy", "EspelaAdrianTroy\EspelaAdrianTroy.csproj", "{7B8AF9DF-7819-4ECF-ADF4-9ABE656A880C}"
EndProject
Global
	GlobalSection(SolutionConfigurationPlatforms) = preSolution
		Debug|Any CPU = Debug|Any CPU
		Release|Any CPU = Release|Any CPU
	EndGlobalSection
	GlobalSection(ProjectConfigurationPlatforms) = postSolution
		{7B8AF9DF-7819-4ECF-ADF4-9ABE656A880C}.Debug|Any CPU.ActiveCfg = Debug|Any CPU
		{7B8AF9DF-7819-4ECF-ADF4-9ABE656A880C}.Debug|Any CPU.Build.0 = Debug|Any CPU
		{7B8AF9DF-7819-4ECF-ADF4-9ABE656A880C}.Release|Any CPU.ActiveCfg = Release|Any CPU
		{7B8AF9DF-7819-4ECF-ADF4-9ABE656A880C}.Release|Any CPU.Build.0 = Release|Any CPU
	EndGlobalSection
	GlobalSection(SolutionProperties) = preSolution
		HideSolutionNode = FALSE
	EndGlobalSection
	GlobalSection(ExtensibilityGlobals) = postSolution
		SolutionGuid = {CFFE82B8-E352-43BD-968A-7D245AF3E156}
	EndGlobalSection
EndGlobal
